// !$*UTF8*$!
{
	archiveVersion = 1;
	classes = {
	};
	objectVersion = 55;
	objects = {

/* Begin PBXBuildFile section */
		5E3F3F7827EC59B400BF28BF /* StyleGuide.swift in Sources */ = {isa = PBXBuildFile; fileRef = 5E3F3F7727EC59B400BF28BF /* StyleGuide.swift */; };
		5E40F4C427ED1AD700B0EE0D /* ContainerView.swift in Sources */ = {isa = PBXBuildFile; fileRef = 5E40F4C327ED1AD700B0EE0D /* ContainerView.swift */; };
		5E40F4C627ED1B6800B0EE0D /* ActionButton.swift in Sources */ = {isa = PBXBuildFile; fileRef = 5E40F4C527ED1B6800B0EE0D /* ActionButton.swift */; };
		BA2241C027E3A1F60091135D /* KIMIApp.swift in Sources */ = {isa = PBXBuildFile; fileRef = BA2241BF27E3A1F60091135D /* KIMIApp.swift */; };
		BA2241C227E3A1F60091135D /* ContentView.swift in Sources */ = {isa = PBXBuildFile; fileRef = BA2241C127E3A1F60091135D /* ContentView.swift */; };
		BA2241C427E3A1F60091135D /* Assets.xcassets in Resources */ = {isa = PBXBuildFile; fileRef = BA2241C327E3A1F60091135D /* Assets.xcassets */; };
		BA2241C727E3A1F60091135D /* Preview Assets.xcassets in Resources */ = {isa = PBXBuildFile; fileRef = BA2241C627E3A1F60091135D /* Preview Assets.xcassets */; };
		BA2241D127E3A1F60091135D /* KIMITests.swift in Sources */ = {isa = PBXBuildFile; fileRef = BA2241D027E3A1F60091135D /* KIMITests.swift */; };
		BA2241DB27E3A1F70091135D /* KIMIUITests.swift in Sources */ = {isa = PBXBuildFile; fileRef = BA2241DA27E3A1F70091135D /* KIMIUITests.swift */; };
		BA2241DD27E3A1F70091135D /* KIMIUITestsLaunchTests.swift in Sources */ = {isa = PBXBuildFile; fileRef = BA2241DC27E3A1F70091135D /* KIMIUITestsLaunchTests.swift */; };
/* End PBXBuildFile section */

/* Begin PBXContainerItemProxy section */
		BA2241CD27E3A1F60091135D /* PBXContainerItemProxy */ = {
			isa = PBXContainerItemProxy;
			containerPortal = BA2241B427E3A1F60091135D /* Project object */;
			proxyType = 1;
			remoteGlobalIDString = BA2241BB27E3A1F60091135D;
			remoteInfo = kimi;
		};
		BA2241D727E3A1F70091135D /* PBXContainerItemProxy */ = {
			isa = PBXContainerItemProxy;
			containerPortal = BA2241B427E3A1F60091135D /* Project object */;
			proxyType = 1;
			remoteGlobalIDString = BA2241BB27E3A1F60091135D;
			remoteInfo = kimi;
		};
/* End PBXContainerItemProxy section */

/* Begin PBXFileReference section */
		5E3F3F7727EC59B400BF28BF /* StyleGuide.swift */ = {isa = PBXFileReference; lastKnownFileType = sourcecode.swift; path = StyleGuide.swift; sourceTree = "<group>"; };
		5E40F4C327ED1AD700B0EE0D /* ContainerView.swift */ = {isa = PBXFileReference; lastKnownFileType = sourcecode.swift; path = ContainerView.swift; sourceTree = "<group>"; };
		5E40F4C527ED1B6800B0EE0D /* ActionButton.swift */ = {isa = PBXFileReference; lastKnownFileType = sourcecode.swift; path = ActionButton.swift; sourceTree = "<group>"; };
		BA2241BC27E3A1F60091135D /* KIMI.app */ = {isa = PBXFileReference; explicitFileType = wrapper.application; includeInIndex = 0; path = KIMI.app; sourceTree = BUILT_PRODUCTS_DIR; };
		BA2241BF27E3A1F60091135D /* KIMIApp.swift */ = {isa = PBXFileReference; lastKnownFileType = sourcecode.swift; path = KIMIApp.swift; sourceTree = "<group>"; };
		BA2241C127E3A1F60091135D /* ContentView.swift */ = {isa = PBXFileReference; lastKnownFileType = sourcecode.swift; path = ContentView.swift; sourceTree = "<group>"; };
		BA2241C327E3A1F60091135D /* Assets.xcassets */ = {isa = PBXFileReference; lastKnownFileType = folder.assetcatalog; path = Assets.xcassets; sourceTree = "<group>"; };
		BA2241C627E3A1F60091135D /* Preview Assets.xcassets */ = {isa = PBXFileReference; lastKnownFileType = folder.assetcatalog; path = "Preview Assets.xcassets"; sourceTree = "<group>"; };
		BA2241CC27E3A1F60091135D /* KIMITests.xctest */ = {isa = PBXFileReference; explicitFileType = wrapper.cfbundle; includeInIndex = 0; path = KIMITests.xctest; sourceTree = BUILT_PRODUCTS_DIR; };
		BA2241D027E3A1F60091135D /* KIMITests.swift */ = {isa = PBXFileReference; lastKnownFileType = sourcecode.swift; path = KIMITests.swift; sourceTree = "<group>"; };
		BA2241D627E3A1F70091135D /* KIMIUITests.xctest */ = {isa = PBXFileReference; explicitFileType = wrapper.cfbundle; includeInIndex = 0; path = KIMIUITests.xctest; sourceTree = BUILT_PRODUCTS_DIR; };
		BA2241DA27E3A1F70091135D /* KIMIUITests.swift */ = {isa = PBXFileReference; lastKnownFileType = sourcecode.swift; path = KIMIUITests.swift; sourceTree = "<group>"; };
		BA2241DC27E3A1F70091135D /* KIMIUITestsLaunchTests.swift */ = {isa = PBXFileReference; lastKnownFileType = sourcecode.swift; path = KIMIUITestsLaunchTests.swift; sourceTree = "<group>"; };
/* End PBXFileReference section */

/* Begin PBXFrameworksBuildPhase section */
		BA2241B927E3A1F60091135D /* Frameworks */ = {
			isa = PBXFrameworksBuildPhase;
			buildActionMask = 2147483647;
			files = (
			);
			runOnlyForDeploymentPostprocessing = 0;
		};
		BA2241C927E3A1F60091135D /* Frameworks */ = {
			isa = PBXFrameworksBuildPhase;
			buildActionMask = 2147483647;
			files = (
			);
			runOnlyForDeploymentPostprocessing = 0;
		};
		BA2241D327E3A1F60091135D /* Frameworks */ = {
			isa = PBXFrameworksBuildPhase;
			buildActionMask = 2147483647;
			files = (
			);
			runOnlyForDeploymentPostprocessing = 0;
		};
/* End PBXFrameworksBuildPhase section */

/* Begin PBXGroup section */
		5E40F4C227ED1AC100B0EE0D /* Utilities */ = {
			isa = PBXGroup;
			children = (
				5E40F4C327ED1AD700B0EE0D /* ContainerView.swift */,
				5E40F4C527ED1B6800B0EE0D /* ActionButton.swift */,
			);
			path = Utilities;
			sourceTree = "<group>";
		};
		BA2241B327E3A1F60091135D = {
			isa = PBXGroup;
			children = (
				BA2241BE27E3A1F60091135D /* KIMI */,
				BA2241CF27E3A1F60091135D /* KIMITests */,
				BA2241D927E3A1F70091135D /* KIMIUITests */,
				BA2241BD27E3A1F60091135D /* Products */,
			);
			sourceTree = "<group>";
		};
		BA2241BD27E3A1F60091135D /* Products */ = {
			isa = PBXGroup;
			children = (
				BA2241BC27E3A1F60091135D /* KIMI.app */,
				BA2241CC27E3A1F60091135D /* KIMITests.xctest */,
				BA2241D627E3A1F70091135D /* KIMIUITests.xctest */,
			);
			name = Products;
			sourceTree = "<group>";
		};
		BA2241BE27E3A1F60091135D /* KIMI */ = {
			isa = PBXGroup;
			children = (
				5E40F4C227ED1AC100B0EE0D /* Utilities */,
				BA2241BF27E3A1F60091135D /* KIMIApp.swift */,
				BA2241C127E3A1F60091135D /* ContentView.swift */,
				BA2241C327E3A1F60091135D /* Assets.xcassets */,
				BA2241C527E3A1F60091135D /* Preview Content */,
				5E3F3F7727EC59B400BF28BF /* StyleGuide.swift */,
			);
			path = KIMI;
			sourceTree = "<group>";
		};
		BA2241C527E3A1F60091135D /* Preview Content */ = {
			isa = PBXGroup;
			children = (
				BA2241C627E3A1F60091135D /* Preview Assets.xcassets */,
			);
			path = "Preview Content";
			sourceTree = "<group>";
		};
		BA2241CF27E3A1F60091135D /* KIMITests */ = {
			isa = PBXGroup;
			children = (
				BA2241D027E3A1F60091135D /* KIMITests.swift */,
			);
			path = KIMITests;
			sourceTree = "<group>";
		};
		BA2241D927E3A1F70091135D /* KIMIUITests */ = {
			isa = PBXGroup;
			children = (
				BA2241DA27E3A1F70091135D /* KIMIUITests.swift */,
				BA2241DC27E3A1F70091135D /* KIMIUITestsLaunchTests.swift */,
			);
			path = KIMIUITests;
			sourceTree = "<group>";
		};
/* End PBXGroup section */

/* Begin PBXNativeTarget section */
		BA2241BB27E3A1F60091135D /* KIMI */ = {
			isa = PBXNativeTarget;
			buildConfigurationList = BA2241E027E3A1F70091135D /* Build configuration list for PBXNativeTarget "KIMI" */;
			buildPhases = (
				BA2241B827E3A1F60091135D /* Sources */,
				BA2241B927E3A1F60091135D /* Frameworks */,
				BA2241BA27E3A1F60091135D /* Resources */,
				5EB6C47D27E91FF800B04950 /* SwiftLint */,
			);
			buildRules = (
			);
			dependencies = (
			);
			name = KIMI;
			productName = kimi;
			productReference = BA2241BC27E3A1F60091135D /* KIMI.app */;
			productType = "com.apple.product-type.application";
		};
		BA2241CB27E3A1F60091135D /* KIMITests */ = {
			isa = PBXNativeTarget;
			buildConfigurationList = BA2241E327E3A1F70091135D /* Build configuration list for PBXNativeTarget "KIMITests" */;
			buildPhases = (
				BA2241C827E3A1F60091135D /* Sources */,
				BA2241C927E3A1F60091135D /* Frameworks */,
				BA2241CA27E3A1F60091135D /* Resources */,
			);
			buildRules = (
			);
			dependencies = (
				BA2241CE27E3A1F60091135D /* PBXTargetDependency */,
			);
			name = KIMITests;
			productName = kimiTests;
			productReference = BA2241CC27E3A1F60091135D /* KIMITests.xctest */;
			productType = "com.apple.product-type.bundle.unit-test";
		};
		BA2241D527E3A1F60091135D /* KIMIUITests */ = {
			isa = PBXNativeTarget;
			buildConfigurationList = BA2241E627E3A1F70091135D /* Build configuration list for PBXNativeTarget "KIMIUITests" */;
			buildPhases = (
				BA2241D227E3A1F60091135D /* Sources */,
				BA2241D327E3A1F60091135D /* Frameworks */,
				BA2241D427E3A1F60091135D /* Resources */,
			);
			buildRules = (
			);
			dependencies = (
				BA2241D827E3A1F70091135D /* PBXTargetDependency */,
			);
			name = KIMIUITests;
			productName = kimiUITests;
			productReference = BA2241D627E3A1F70091135D /* KIMIUITests.xctest */;
			productType = "com.apple.product-type.bundle.ui-testing";
		};
/* End PBXNativeTarget section */

/* Begin PBXProject section */
		BA2241B427E3A1F60091135D /* Project object */ = {
			isa = PBXProject;
			attributes = {
				BuildIndependentTargetsInParallel = 1;
				LastSwiftUpdateCheck = 1330;
				LastUpgradeCheck = 1330;
				TargetAttributes = {
					BA2241BB27E3A1F60091135D = {
						CreatedOnToolsVersion = 13.3;
					};
					BA2241CB27E3A1F60091135D = {
						CreatedOnToolsVersion = 13.3;
						TestTargetID = BA2241BB27E3A1F60091135D;
					};
					BA2241D527E3A1F60091135D = {
						CreatedOnToolsVersion = 13.3;
						TestTargetID = BA2241BB27E3A1F60091135D;
					};
				};
			};
			buildConfigurationList = BA2241B727E3A1F60091135D /* Build configuration list for PBXProject "KIMI" */;
			compatibilityVersion = "Xcode 13.0";
			developmentRegion = en;
			hasScannedForEncodings = 0;
			knownRegions = (
				en,
				Base,
			);
			mainGroup = BA2241B327E3A1F60091135D;
			productRefGroup = BA2241BD27E3A1F60091135D /* Products */;
			projectDirPath = "";
			projectRoot = "";
			targets = (
				BA2241BB27E3A1F60091135D /* KIMI */,
				BA2241CB27E3A1F60091135D /* KIMITests */,
				BA2241D527E3A1F60091135D /* KIMIUITests */,
			);
		};
/* End PBXProject section */

/* Begin PBXResourcesBuildPhase section */
		BA2241BA27E3A1F60091135D /* Resources */ = {
			isa = PBXResourcesBuildPhase;
			buildActionMask = 2147483647;
			files = (
				BA2241C727E3A1F60091135D /* Preview Assets.xcassets in Resources */,
				BA2241C427E3A1F60091135D /* Assets.xcassets in Resources */,
			);
			runOnlyForDeploymentPostprocessing = 0;
		};
		BA2241CA27E3A1F60091135D /* Resources */ = {
			isa = PBXResourcesBuildPhase;
			buildActionMask = 2147483647;
			files = (
			);
			runOnlyForDeploymentPostprocessing = 0;
		};
		BA2241D427E3A1F60091135D /* Resources */ = {
			isa = PBXResourcesBuildPhase;
			buildActionMask = 2147483647;
			files = (
			);
			runOnlyForDeploymentPostprocessing = 0;
		};
/* End PBXResourcesBuildPhase section */

/* Begin PBXShellScriptBuildPhase section */
		5EB6C47D27E91FF800B04950 /* SwiftLint */ = {
			isa = PBXShellScriptBuildPhase;
			buildActionMask = 2147483647;
			files = (
			);
			inputFileListPaths = (
			);
			inputPaths = (
			);
			name = SwiftLint;
			outputFileListPaths = (
			);
			outputPaths = (
			);
			runOnlyForDeploymentPostprocessing = 0;
			shellPath = /bin/sh;
			shellScript = "if which swiftlint >/dev/null; then\nswiftlint\nelse\necho \"warning: SwiftLint not installed, download from https://github.com/realm/SwiftLint\"\nE\nfi\n";
		};
/* End PBXShellScriptBuildPhase section */

/* Begin PBXSourcesBuildPhase section */
		BA2241B827E3A1F60091135D /* Sources */ = {
			isa = PBXSourcesBuildPhase;
			buildActionMask = 2147483647;
			files = (
				5E40F4C427ED1AD700B0EE0D /* ContainerView.swift in Sources */,
				BA2241C227E3A1F60091135D /* ContentView.swift in Sources */,
				5E3F3F7827EC59B400BF28BF /* StyleGuide.swift in Sources */,
				BA2241C027E3A1F60091135D /* KIMIApp.swift in Sources */,
				5E40F4C627ED1B6800B0EE0D /* ActionButton.swift in Sources */,
			);
			runOnlyForDeploymentPostprocessing = 0;
		};
		BA2241C827E3A1F60091135D /* Sources */ = {
			isa = PBXSourcesBuildPhase;
			buildActionMask = 2147483647;
			files = (
				BA2241D127E3A1F60091135D /* KIMITests.swift in Sources */,
			);
			runOnlyForDeploymentPostprocessing = 0;
		};
		BA2241D227E3A1F60091135D /* Sources */ = {
			isa = PBXSourcesBuildPhase;
			buildActionMask = 2147483647;
			files = (
				BA2241DD27E3A1F70091135D /* KIMIUITestsLaunchTests.swift in Sources */,
				BA2241DB27E3A1F70091135D /* KIMIUITests.swift in Sources */,
			);
			runOnlyForDeploymentPostprocessing = 0;
		};
/* End PBXSourcesBuildPhase section */

/* Begin PBXTargetDependency section */
		BA2241CE27E3A1F60091135D /* PBXTargetDependency */ = {
			isa = PBXTargetDependency;
			target = BA2241BB27E3A1F60091135D /* KIMI */;
			targetProxy = BA2241CD27E3A1F60091135D /* PBXContainerItemProxy */;
		};
		BA2241D827E3A1F70091135D /* PBXTargetDependency */ = {
			isa = PBXTargetDependency;
			target = BA2241BB27E3A1F60091135D /* KIMI */;
			targetProxy = BA2241D727E3A1F70091135D /* PBXContainerItemProxy */;
		};
/* End PBXTargetDependency section */

/* Begin XCBuildConfiguration section */
		BA2241DE27E3A1F70091135D /* Debug */ = {
			isa = XCBuildConfiguration;
			buildSettings = {
				ALWAYS_SEARCH_USER_PATHS = NO;
				CLANG_ANALYZER_NONNULL = YES;
				CLANG_ANALYZER_NUMBER_OBJECT_CONVERSION = YES_AGGRESSIVE;
				CLANG_CXX_LANGUAGE_STANDARD = "gnu++17";
				CLANG_ENABLE_MODULES = YES;
				CLANG_ENABLE_OBJC_ARC = YES;
				CLANG_ENABLE_OBJC_WEAK = YES;
				CLANG_WARN_BLOCK_CAPTURE_AUTORELEASING = YES;
				CLANG_WARN_BOOL_CONVERSION = YES;
				CLANG_WARN_COMMA = YES;
				CLANG_WARN_CONSTANT_CONVERSION = YES;
				CLANG_WARN_DEPRECATED_OBJC_IMPLEMENTATIONS = YES;
				CLANG_WARN_DIRECT_OBJC_ISA_USAGE = YES_ERROR;
				CLANG_WARN_DOCUMENTATION_COMMENTS = YES;
				CLANG_WARN_EMPTY_BODY = YES;
				CLANG_WARN_ENUM_CONVERSION = YES;
				CLANG_WARN_INFINITE_RECURSION = YES;
				CLANG_WARN_INT_CONVERSION = YES;
				CLANG_WARN_NON_LITERAL_NULL_CONVERSION = YES;
				CLANG_WARN_OBJC_IMPLICIT_RETAIN_SELF = YES;
				CLANG_WARN_OBJC_LITERAL_CONVERSION = YES;
				CLANG_WARN_OBJC_ROOT_CLASS = YES_ERROR;
				CLANG_WARN_QUOTED_INCLUDE_IN_FRAMEWORK_HEADER = YES;
				CLANG_WARN_RANGE_LOOP_ANALYSIS = YES;
				CLANG_WARN_STRICT_PROTOTYPES = YES;
				CLANG_WARN_SUSPICIOUS_MOVE = YES;
				CLANG_WARN_UNGUARDED_AVAILABILITY = YES_AGGRESSIVE;
				CLANG_WARN_UNREACHABLE_CODE = YES;
				CLANG_WARN__DUPLICATE_METHOD_MATCH = YES;
				COPY_PHASE_STRIP = NO;
				DEBUG_INFORMATION_FORMAT = dwarf;
				ENABLE_STRICT_OBJC_MSGSEND = YES;
				ENABLE_TESTABILITY = YES;
				GCC_C_LANGUAGE_STANDARD = gnu11;
				GCC_DYNAMIC_NO_PIC = NO;
				GCC_NO_COMMON_BLOCKS = YES;
				GCC_OPTIMIZATION_LEVEL = 0;
				GCC_PREPROCESSOR_DEFINITIONS = (
					"DEBUG=1",
					"$(inherited)",
				);
				GCC_WARN_64_TO_32_BIT_CONVERSION = YES;
				GCC_WARN_ABOUT_RETURN_TYPE = YES_ERROR;
				GCC_WARN_UNDECLARED_SELECTOR = YES;
				GCC_WARN_UNINITIALIZED_AUTOS = YES_AGGRESSIVE;
				GCC_WARN_UNUSED_FUNCTION = YES;
				GCC_WARN_UNUSED_VARIABLE = YES;
				IPHONEOS_DEPLOYMENT_TARGET = 15.4;
				MTL_ENABLE_DEBUG_INFO = INCLUDE_SOURCE;
				MTL_FAST_MATH = YES;
				ONLY_ACTIVE_ARCH = YES;
				SDKROOT = iphoneos;
				SWIFT_ACTIVE_COMPILATION_CONDITIONS = DEBUG;
				SWIFT_OPTIMIZATION_LEVEL = "-Onone";
			};
			name = Debug;
		};
		BA2241DF27E3A1F70091135D /* Release */ = {
			isa = XCBuildConfiguration;
			buildSettings = {
				ALWAYS_SEARCH_USER_PATHS = NO;
				CLANG_ANALYZER_NONNULL = YES;
				CLANG_ANALYZER_NUMBER_OBJECT_CONVERSION = YES_AGGRESSIVE;
				CLANG_CXX_LANGUAGE_STANDARD = "gnu++17";
				CLANG_ENABLE_MODULES = YES;
				CLANG_ENABLE_OBJC_ARC = YES;
				CLANG_ENABLE_OBJC_WEAK = YES;
				CLANG_WARN_BLOCK_CAPTURE_AUTORELEASING = YES;
				CLANG_WARN_BOOL_CONVERSION = YES;
				CLANG_WARN_COMMA = YES;
				CLANG_WARN_CONSTANT_CONVERSION = YES;
				CLANG_WARN_DEPRECATED_OBJC_IMPLEMENTATIONS = YES;
				CLANG_WARN_DIRECT_OBJC_ISA_USAGE = YES_ERROR;
				CLANG_WARN_DOCUMENTATION_COMMENTS = YES;
				CLANG_WARN_EMPTY_BODY = YES;
				CLANG_WARN_ENUM_CONVERSION = YES;
				CLANG_WARN_INFINITE_RECURSION = YES;
				CLANG_WARN_INT_CONVERSION = YES;
				CLANG_WARN_NON_LITERAL_NULL_CONVERSION = YES;
				CLANG_WARN_OBJC_IMPLICIT_RETAIN_SELF = YES;
				CLANG_WARN_OBJC_LITERAL_CONVERSION = YES;
				CLANG_WARN_OBJC_ROOT_CLASS = YES_ERROR;
				CLANG_WARN_QUOTED_INCLUDE_IN_FRAMEWORK_HEADER = YES;
				CLANG_WARN_RANGE_LOOP_ANALYSIS = YES;
				CLANG_WARN_STRICT_PROTOTYPES = YES;
				CLANG_WARN_SUSPICIOUS_MOVE = YES;
				CLANG_WARN_UNGUARDED_AVAILABILITY = YES_AGGRESSIVE;
				CLANG_WARN_UNREACHABLE_CODE = YES;
				CLANG_WARN__DUPLICATE_METHOD_MATCH = YES;
				COPY_PHASE_STRIP = NO;
				DEBUG_INFORMATION_FORMAT = "dwarf-with-dsym";
				ENABLE_NS_ASSERTIONS = NO;
				ENABLE_STRICT_OBJC_MSGSEND = YES;
				GCC_C_LANGUAGE_STANDARD = gnu11;
				GCC_NO_COMMON_BLOCKS = YES;
				GCC_WARN_64_TO_32_BIT_CONVERSION = YES;
				GCC_WARN_ABOUT_RETURN_TYPE = YES_ERROR;
				GCC_WARN_UNDECLARED_SELECTOR = YES;
				GCC_WARN_UNINITIALIZED_AUTOS = YES_AGGRESSIVE;
				GCC_WARN_UNUSED_FUNCTION = YES;
				GCC_WARN_UNUSED_VARIABLE = YES;
				IPHONEOS_DEPLOYMENT_TARGET = 15.4;
				MTL_ENABLE_DEBUG_INFO = NO;
				MTL_FAST_MATH = YES;
				SDKROOT = iphoneos;
				SWIFT_COMPILATION_MODE = wholemodule;
				SWIFT_OPTIMIZATION_LEVEL = "-O";
				VALIDATE_PRODUCT = YES;
			};
			name = Release;
		};
		BA2241E127E3A1F70091135D /* Debug */ = {
			isa = XCBuildConfiguration;
			buildSettings = {
				ASSETCATALOG_COMPILER_APPICON_NAME = AppIcon;
				ASSETCATALOG_COMPILER_GLOBAL_ACCENT_COLOR_NAME = AccentColor;
				CODE_SIGN_STYLE = Automatic;
				CURRENT_PROJECT_VERSION = 1;
				DEVELOPMENT_ASSET_PATHS = "\"kimi/Preview Content\"";
				DEVELOPMENT_TEAM = "";
				ENABLE_PREVIEWS = YES;
				GENERATE_INFOPLIST_FILE = YES;
				INFOPLIST_KEY_UIApplicationSceneManifest_Generation = YES;
				INFOPLIST_KEY_UIApplicationSupportsIndirectInputEvents = YES;
				INFOPLIST_KEY_UILaunchScreen_Generation = YES;
				INFOPLIST_KEY_UISupportedInterfaceOrientations_iPad = "UIInterfaceOrientationPortrait UIInterfaceOrientationPortraitUpsideDown UIInterfaceOrientationLandscapeLeft UIInterfaceOrientationLandscapeRight";
				INFOPLIST_KEY_UISupportedInterfaceOrientations_iPhone = "UIInterfaceOrientationPortrait UIInterfaceOrientationLandscapeLeft UIInterfaceOrientationLandscapeRight";
				IPHONEOS_DEPLOYMENT_TARGET = 14.0;
				LD_RUNPATH_SEARCH_PATHS = (
					"$(inherited)",
					"@executable_path/Frameworks",
				);
				MARKETING_VERSION = 1.0;
				PRODUCT_BUNDLE_IDENTIFIER = one.keri.kimi;
				PRODUCT_NAME = "$(TARGET_NAME)";
				SWIFT_EMIT_LOC_STRINGS = YES;
				SWIFT_VERSION = 5.0;
				TARGETED_DEVICE_FAMILY = "1,2";
			};
			name = Debug;
		};
		BA2241E227E3A1F70091135D /* Release */ = {
			isa = XCBuildConfiguration;
			buildSettings = {
				ASSETCATALOG_COMPILER_APPICON_NAME = AppIcon;
				ASSETCATALOG_COMPILER_GLOBAL_ACCENT_COLOR_NAME = AccentColor;
				CODE_SIGN_STYLE = Automatic;
				CURRENT_PROJECT_VERSION = 1;
				DEVELOPMENT_ASSET_PATHS = "\"kimi/Preview Content\"";
				DEVELOPMENT_TEAM = "";
				ENABLE_PREVIEWS = YES;
				GENERATE_INFOPLIST_FILE = YES;
				INFOPLIST_KEY_UIApplicationSceneManifest_Generation = YES;
				INFOPLIST_KEY_UIApplicationSupportsIndirectInputEvents = YES;
				INFOPLIST_KEY_UILaunchScreen_Generation = YES;
				INFOPLIST_KEY_UISupportedInterfaceOrientations_iPad = "UIInterfaceOrientationPortrait UIInterfaceOrientationPortraitUpsideDown UIInterfaceOrientationLandscapeLeft UIInterfaceOrientationLandscapeRight";
				INFOPLIST_KEY_UISupportedInterfaceOrientations_iPhone = "UIInterfaceOrientationPortrait UIInterfaceOrientationLandscapeLeft UIInterfaceOrientationLandscapeRight";
				IPHONEOS_DEPLOYMENT_TARGET = 14.0;
				LD_RUNPATH_SEARCH_PATHS = (
					"$(inherited)",
					"@executable_path/Frameworks",
				);
				MARKETING_VERSION = 1.0;
				PRODUCT_BUNDLE_IDENTIFIER = one.keri.kimi;
				PRODUCT_NAME = "$(TARGET_NAME)";
				SWIFT_EMIT_LOC_STRINGS = YES;
				SWIFT_VERSION = 5.0;
				TARGETED_DEVICE_FAMILY = "1,2";
			};
			name = Release;
		};
		BA2241E427E3A1F70091135D /* Debug */ = {
			isa = XCBuildConfiguration;
			buildSettings = {
				ALWAYS_EMBED_SWIFT_STANDARD_LIBRARIES = YES;
				BUNDLE_LOADER = "$(TEST_HOST)";
				CODE_SIGN_STYLE = Automatic;
				CURRENT_PROJECT_VERSION = 1;
				DEVELOPMENT_TEAM = WHU7A4EQ74;
				GENERATE_INFOPLIST_FILE = YES;
				IPHONEOS_DEPLOYMENT_TARGET = 15.4;
				MARKETING_VERSION = 1.0;
				PRODUCT_BUNDLE_IDENTIFIER = one.keri.kimiTests;
				PRODUCT_NAME = "$(TARGET_NAME)";
				SWIFT_EMIT_LOC_STRINGS = NO;
				SWIFT_VERSION = 5.0;
				TARGETED_DEVICE_FAMILY = "1,2";
				TEST_HOST = "$(BUILT_PRODUCTS_DIR)/KIMI.app/KIMI";
			};
			name = Debug;
		};
		BA2241E527E3A1F70091135D /* Release */ = {
			isa = XCBuildConfiguration;
			buildSettings = {
				ALWAYS_EMBED_SWIFT_STANDARD_LIBRARIES = YES;
				BUNDLE_LOADER = "$(TEST_HOST)";
				CODE_SIGN_STYLE = Automatic;
				CURRENT_PROJECT_VERSION = 1;
				DEVELOPMENT_TEAM = WHU7A4EQ74;
				GENERATE_INFOPLIST_FILE = YES;
				IPHONEOS_DEPLOYMENT_TARGET = 15.4;
				MARKETING_VERSION = 1.0;
				PRODUCT_BUNDLE_IDENTIFIER = one.keri.kimiTests;
				PRODUCT_NAME = "$(TARGET_NAME)";
				SWIFT_EMIT_LOC_STRINGS = NO;
				SWIFT_VERSION = 5.0;
				TARGETED_DEVICE_FAMILY = "1,2";
				TEST_HOST = "$(BUILT_PRODUCTS_DIR)/KIMI.app/KIMI";
			};
			name = Release;
		};
		BA2241E727E3A1F70091135D /* Debug */ = {
			isa = XCBuildConfiguration;
			buildSettings = {
				ALWAYS_EMBED_SWIFT_STANDARD_LIBRARIES = YES;
				CODE_SIGN_STYLE = Automatic;
				CURRENT_PROJECT_VERSION = 1;
				DEVELOPMENT_TEAM = WHU7A4EQ74;
				GENERATE_INFOPLIST_FILE = YES;
				MARKETING_VERSION = 1.0;
				PRODUCT_BUNDLE_IDENTIFIER = one.keri.kimiUITests;
				PRODUCT_NAME = "$(TARGET_NAME)";
				SWIFT_EMIT_LOC_STRINGS = NO;
				SWIFT_VERSION = 5.0;
				TARGETED_DEVICE_FAMILY = "1,2";
				TEST_TARGET_NAME = kimi;
			};
			name = Debug;
		};
		BA2241E827E3A1F70091135D /* Release */ = {
			isa = XCBuildConfiguration;
			buildSettings = {
				ALWAYS_EMBED_SWIFT_STANDARD_LIBRARIES = YES;
				CODE_SIGN_STYLE = Automatic;
				CURRENT_PROJECT_VERSION = 1;
				DEVELOPMENT_TEAM = WHU7A4EQ74;
				GENERATE_INFOPLIST_FILE = YES;
				MARKETING_VERSION = 1.0;
				PRODUCT_BUNDLE_IDENTIFIER = one.keri.kimiUITests;
				PRODUCT_NAME = "$(TARGET_NAME)";
				SWIFT_EMIT_LOC_STRINGS = NO;
				SWIFT_VERSION = 5.0;
				TARGETED_DEVICE_FAMILY = "1,2";
				TEST_TARGET_NAME = kimi;
			};
			name = Release;
		};
/* End XCBuildConfiguration section */

/* Begin XCConfigurationList section */
		BA2241B727E3A1F60091135D /* Build configuration list for PBXProject "KIMI" */ = {
			isa = XCConfigurationList;
			buildConfigurations = (
				BA2241DE27E3A1F70091135D /* Debug */,
				BA2241DF27E3A1F70091135D /* Release */,
			);
			defaultConfigurationIsVisible = 0;
			defaultConfigurationName = Release;
		};
		BA2241E027E3A1F70091135D /* Build configuration list for PBXNativeTarget "KIMI" */ = {
			isa = XCConfigurationList;
			buildConfigurations = (
				BA2241E127E3A1F70091135D /* Debug */,
				BA2241E227E3A1F70091135D /* Release */,
			);
			defaultConfigurationIsVisible = 0;
			defaultConfigurationName = Release;
		};
		BA2241E327E3A1F70091135D /* Build configuration list for PBXNativeTarget "KIMITests" */ = {
			isa = XCConfigurationList;
			buildConfigurations = (
				BA2241E427E3A1F70091135D /* Debug */,
				BA2241E527E3A1F70091135D /* Release */,
			);
			defaultConfigurationIsVisible = 0;
			defaultConfigurationName = Release;
		};
		BA2241E627E3A1F70091135D /* Build configuration list for PBXNativeTarget "KIMIUITests" */ = {
			isa = XCConfigurationList;
			buildConfigurations = (
				BA2241E727E3A1F70091135D /* Debug */,
				BA2241E827E3A1F70091135D /* Release */,
			);
			defaultConfigurationIsVisible = 0;
			defaultConfigurationName = Release;
		};
/* End XCConfigurationList section */
	};
	rootObject = BA2241B427E3A1F60091135D /* Project object */;
}
